
Microsoft Visual Studio Solution File, Format Version 12.00
# Visual Studio Version 17
VisualStudioVersion = 17.9.34616.47
MinimumVisualStudioVersion = 10.0.40219.1
Project("{9A19103F-16F7-4668-BE54-9A1E7A4F7556}") = "CarsStorageApi", "CarsStorageApi\CarsStorageApi.csproj", "{C97A92DF-5AA6-45E4-9A26-487665D97921}"
	ProjectSection(ProjectDependencies) = postProject
		{C8F1FBE3-15BA-4A0B-A94D-2167418B9D64} = {C8F1FBE3-15BA-4A0B-A94D-2167418B9D64}
	EndProjectSection
EndProject
Project("{9A19103F-16F7-4668-BE54-9A1E7A4F7556}") = "CarsStorage.BLL.Implementations", "CarsStorage.BLL\CarsStorage.BLL.Implementations.csproj", "{0AC488A2-D3B2-41C3-9A39-D3D75B4D9302}"
	ProjectSection(ProjectDependencies) = postProject
		{C8F1FBE3-15BA-4A0B-A94D-2167418B9D64} = {C8F1FBE3-15BA-4A0B-A94D-2167418B9D64}
	EndProjectSection
EndProject
Project("{9A19103F-16F7-4668-BE54-9A1E7A4F7556}") = "CarsStorage.DAL", "CarsStorage.DAL\CarsStorage.DAL.csproj", "{ABF7EB27-5423-4C5E-8FE5-3F88BE76B278}"
EndProject
Project("{9A19103F-16F7-4668-BE54-9A1E7A4F7556}") = "CarsStorage.BLL.Abstractions", "CarsStorage.BLL.Abstractions\CarsStorage.BLL.Abstractions.csproj", "{C8F1FBE3-15BA-4A0B-A94D-2167418B9D64}"
	ProjectSection(ProjectDependencies) = postProject
		{ABF7EB27-5423-4C5E-8FE5-3F88BE76B278} = {ABF7EB27-5423-4C5E-8FE5-3F88BE76B278}
	EndProjectSection
EndProject
Global
	GlobalSection(SolutionConfigurationPlatforms) = preSolution
		Debug|Any CPU = Debug|Any CPU
		Release|Any CPU = Release|Any CPU
	EndGlobalSection
	GlobalSection(ProjectConfigurationPlatforms) = postSolution
		{C97A92DF-5AA6-45E4-9A26-487665D97921}.Debug|Any CPU.ActiveCfg = Debug|Any CPU
		{C97A92DF-5AA6-45E4-9A26-487665D97921}.Debug|Any CPU.Build.0 = Debug|Any CPU
		{C97A92DF-5AA6-45E4-9A26-487665D97921}.Release|Any CPU.ActiveCfg = Release|Any CPU
		{C97A92DF-5AA6-45E4-9A26-487665D97921}.Release|Any CPU.Build.0 = Release|Any CPU
		{0AC488A2-D3B2-41C3-9A39-D3D75B4D9302}.Debug|Any CPU.ActiveCfg = Debug|Any CPU
		{0AC488A2-D3B2-41C3-9A39-D3D75B4D9302}.Debug|Any CPU.Build.0 = Debug|Any CPU
		{0AC488A2-D3B2-41C3-9A39-D3D75B4D9302}.Release|Any CPU.ActiveCfg = Release|Any CPU
		{0AC488A2-D3B2-41C3-9A39-D3D75B4D9302}.Release|Any CPU.Build.0 = Release|Any CPU
		{ABF7EB27-5423-4C5E-8FE5-3F88BE76B278}.Debug|Any CPU.ActiveCfg = Debug|Any CPU
		{ABF7EB27-5423-4C5E-8FE5-3F88BE76B278}.Debug|Any CPU.Build.0 = Debug|Any CPU
		{ABF7EB27-5423-4C5E-8FE5-3F88BE76B278}.Release|Any CPU.ActiveCfg = Release|Any CPU
		{ABF7EB27-5423-4C5E-8FE5-3F88BE76B278}.Release|Any CPU.Build.0 = Release|Any CPU
		{C8F1FBE3-15BA-4A0B-A94D-2167418B9D64}.Debug|Any CPU.ActiveCfg = Debug|Any CPU
		{C8F1FBE3-15BA-4A0B-A94D-2167418B9D64}.Debug|Any CPU.Build.0 = Debug|Any CPU
		{C8F1FBE3-15BA-4A0B-A94D-2167418B9D64}.Release|Any CPU.ActiveCfg = Release|Any CPU
		{C8F1FBE3-15BA-4A0B-A94D-2167418B9D64}.Release|Any CPU.Build.0 = Release|Any CPU
	EndGlobalSection
	GlobalSection(SolutionProperties) = preSolution
		HideSolutionNode = FALSE
	EndGlobalSection
	GlobalSection(ExtensibilityGlobals) = postSolution
		SolutionGuid = {45FF0FBF-04B8-4C1C-BA0F-413AF4DE7757}
	EndGlobalSection
EndGlobal
